
Microsoft Visual Studio Solution File, Format Version 12.00
# Visual Studio Version 17
VisualStudioVersion = 17.8.34316.72
MinimumVisualStudioVersion = 10.0.40219.1
Project("{2150E333-8FDC-42A3-9474-1A3956D46DE8}") = "Services", "Services", "{5D080EB6-FFE7-4504-94A3-83752CAEE99F}"
EndProject
Project("{2150E333-8FDC-42A3-9474-1A3956D46DE8}") = "Catalog", "Catalog", "{4C0FF9AF-A464-4A6E-BE89-2E2D3AF6B41A}"
EndProject
Project("{9A19103F-16F7-4668-BE54-9A1E7A4F7556}") = "Catalog.API", "Services\Catalog\Catalog.API\Catalog.API.csproj", "{C3D732E6-78AE-4385-BFFC-13BCD001B560}"
EndProject
Project("{E53339B2-1760-4266-BCC7-CA923CBCF16C}") = "docker-compose", "docker-compose.dcproj", "{58B4F403-DE43-40E0-B190-B563F41D9815}"
EndProject
Project("{2150E333-8FDC-42A3-9474-1A3956D46DE8}") = "Basket", "Basket", "{6C740B38-AB3A-4866-A583-0E18F10D87A1}"
EndProject
Project("{FAE04EC0-301F-11D3-BF4B-00C04F79EFBC}") = "Basket.API", "Services\Basket\Basket.API\Basket.API.csproj", "{E0DD15C6-AED3-4F10-B275-CEC20EBD2F7A}"
EndProject
Global
	GlobalSection(SolutionConfigurationPlatforms) = preSolution
		Debug|Any CPU = Debug|Any CPU
		Release|Any CPU = Release|Any CPU
	EndGlobalSection
	GlobalSection(ProjectConfigurationPlatforms) = postSolution
		{C3D732E6-78AE-4385-BFFC-13BCD001B560}.Debug|Any CPU.ActiveCfg = Debug|Any CPU
		{C3D732E6-78AE-4385-BFFC-13BCD001B560}.Debug|Any CPU.Build.0 = Debug|Any CPU
		{C3D732E6-78AE-4385-BFFC-13BCD001B560}.Release|Any CPU.ActiveCfg = Release|Any CPU
		{C3D732E6-78AE-4385-BFFC-13BCD001B560}.Release|Any CPU.Build.0 = Release|Any CPU
		{58B4F403-DE43-40E0-B190-B563F41D9815}.Debug|Any CPU.ActiveCfg = Debug|Any CPU
		{58B4F403-DE43-40E0-B190-B563F41D9815}.Debug|Any CPU.Build.0 = Debug|Any CPU
		{58B4F403-DE43-40E0-B190-B563F41D9815}.Release|Any CPU.ActiveCfg = Release|Any CPU
		{58B4F403-DE43-40E0-B190-B563F41D9815}.Release|Any CPU.Build.0 = Release|Any CPU
		{E0DD15C6-AED3-4F10-B275-CEC20EBD2F7A}.Debug|Any CPU.ActiveCfg = Debug|Any CPU
		{E0DD15C6-AED3-4F10-B275-CEC20EBD2F7A}.Debug|Any CPU.Build.0 = Debug|Any CPU
		{E0DD15C6-AED3-4F10-B275-CEC20EBD2F7A}.Release|Any CPU.ActiveCfg = Release|Any CPU
		{E0DD15C6-AED3-4F10-B275-CEC20EBD2F7A}.Release|Any CPU.Build.0 = Release|Any CPU
	EndGlobalSection
	GlobalSection(SolutionProperties) = preSolution
		HideSolutionNode = FALSE
	EndGlobalSection
	GlobalSection(NestedProjects) = preSolution
		{4C0FF9AF-A464-4A6E-BE89-2E2D3AF6B41A} = {5D080EB6-FFE7-4504-94A3-83752CAEE99F}
		{C3D732E6-78AE-4385-BFFC-13BCD001B560} = {4C0FF9AF-A464-4A6E-BE89-2E2D3AF6B41A}
		{6C740B38-AB3A-4866-A583-0E18F10D87A1} = {5D080EB6-FFE7-4504-94A3-83752CAEE99F}
		{E0DD15C6-AED3-4F10-B275-CEC20EBD2F7A} = {6C740B38-AB3A-4866-A583-0E18F10D87A1}
	EndGlobalSection
	GlobalSection(ExtensibilityGlobals) = postSolution
		SolutionGuid = {194D9A42-119C-484B-BE58-16CF55A8CD49}
	EndGlobalSection
EndGlobal
